# @generated by Move, please check-in and do not edit manually.

[move]
version = 3
manifest_digest = "6140A8B9D5DD8EBEB536F10CD19A1A32CEEB9C834A202FAB946A64D66FFA2B0E"
deps_digest = "F8BBB0CCB2491CA29A3DF03D6F92277A4F3574266507ACD77214D37ECA3F3082"
dependencies = [
  { id = "Sui", name = "Sui" },
]

[[move.package]]
id = "MoveStdlib"
source = { git = "https://github.com/MystenLabs/sui.git", rev = "framework/testnet", subdir = "crates/sui-framework/packages/move-stdlib" }

[[move.package]]
id = "Sui"
source = { git = "https://github.com/MystenLabs/sui.git", rev = "framework/testnet", subdir = "crates/sui-framework/packages/sui-framework" }

dependencies = [
  { id = "MoveStdlib", name = "MoveStdlib" },
]

[move.toolchain-version]
compiler-version = "1.39.3"
edition = "2024.beta"
flavor = "sui"

[env]

[env.localnet]
chain-id = "6a0040a1"
original-published-id = "0x70f40d5f239c21f356dccf2d2233cd7157d4f98d7399ddcc97dce9a331c82eac"
latest-published-id = "0x70f40d5f239c21f356dccf2d2233cd7157d4f98d7399ddcc97dce9a331c82eac"
published-version = "1"
